
Microsoft Visual Studio Solution File, Format Version 12.00
# Visual Studio Version 16
VisualStudioVersion = 16.0.29920.165
MinimumVisualStudioVersion = 10.0.40219.1
Project("{FAE04EC0-301F-11D3-BF4B-00C04F79EFBC}") = "pandemicRPG", "pandemicRPG\pandemicRPG.csproj", "{11C0E8E4-924A-4773-B036-1CCF4CE93F6D}"
EndProject
Project("{FAE04EC0-301F-11D3-BF4B-00C04F79EFBC}") = "Engine", "Engine\Engine.csproj", "{B1FFCE84-DF22-4250-A1D2-798FDCD26148}"
EndProject
Global
	GlobalSection(SolutionConfigurationPlatforms) = preSolution
		Debug|Any CPU = Debug|Any CPU
		Release|Any CPU = Release|Any CPU
	EndGlobalSection
	GlobalSection(ProjectConfigurationPlatforms) = postSolution
		{11C0E8E4-924A-4773-B036-1CCF4CE93F6D}.Debug|Any CPU.ActiveCfg = Debug|Any CPU
		{11C0E8E4-924A-4773-B036-1CCF4CE93F6D}.Debug|Any CPU.Build.0 = Debug|Any CPU
		{11C0E8E4-924A-4773-B036-1CCF4CE93F6D}.Release|Any CPU.ActiveCfg = Release|Any CPU
		{11C0E8E4-924A-4773-B036-1CCF4CE93F6D}.Release|Any CPU.Build.0 = Release|Any CPU
		{B1FFCE84-DF22-4250-A1D2-798FDCD26148}.Debug|Any CPU.ActiveCfg = Debug|Any CPU
		{B1FFCE84-DF22-4250-A1D2-798FDCD26148}.Debug|Any CPU.Build.0 = Debug|Any CPU
		{B1FFCE84-DF22-4250-A1D2-798FDCD26148}.Release|Any CPU.ActiveCfg = Release|Any CPU
		{B1FFCE84-DF22-4250-A1D2-798FDCD26148}.Release|Any CPU.Build.0 = Release|Any CPU
	EndGlobalSection
	GlobalSection(SolutionProperties) = preSolution
		HideSolutionNode = FALSE
	EndGlobalSection
	GlobalSection(ExtensibilityGlobals) = postSolution
		SolutionGuid = {CE2E455F-7C16-42D7-B333-A4A1E217A4CA}
	EndGlobalSection
EndGlobal
